
Microsoft Visual Studio Solution File, Format Version 12.00
# Visual Studio 15
VisualStudioVersion = 15.0.28307.757
MinimumVisualStudioVersion = 10.0.40219.1
Project("{FAE04EC0-301F-11D3-BF4B-00C04F79EFBC}") = "ConsoleContato", "Contato\ConsoleContato.csproj", "{185B8FC9-CC2D-44AF-9F3F-67EEB4A1E896}"
EndProject
Project("{FAE04EC0-301F-11D3-BF4B-00C04F79EFBC}") = "DllContato", "DllContato\DllContato.csproj", "{8F2906C4-2C7B-41B1-A1BE-76769E9C6E23}"
EndProject
Global
	GlobalSection(SolutionConfigurationPlatforms) = preSolution
		Debug|Any CPU = Debug|Any CPU
		Release|Any CPU = Release|Any CPU
	EndGlobalSection
	GlobalSection(ProjectConfigurationPlatforms) = postSolution
		{185B8FC9-CC2D-44AF-9F3F-67EEB4A1E896}.Debug|Any CPU.ActiveCfg = Debug|Any CPU
		{185B8FC9-CC2D-44AF-9F3F-67EEB4A1E896}.Debug|Any CPU.Build.0 = Debug|Any CPU
		{185B8FC9-CC2D-44AF-9F3F-67EEB4A1E896}.Release|Any CPU.ActiveCfg = Release|Any CPU
		{185B8FC9-CC2D-44AF-9F3F-67EEB4A1E896}.Release|Any CPU.Build.0 = Release|Any CPU
		{8F2906C4-2C7B-41B1-A1BE-76769E9C6E23}.Debug|Any CPU.ActiveCfg = Debug|Any CPU
		{8F2906C4-2C7B-41B1-A1BE-76769E9C6E23}.Debug|Any CPU.Build.0 = Debug|Any CPU
		{8F2906C4-2C7B-41B1-A1BE-76769E9C6E23}.Release|Any CPU.ActiveCfg = Release|Any CPU
		{8F2906C4-2C7B-41B1-A1BE-76769E9C6E23}.Release|Any CPU.Build.0 = Release|Any CPU
	EndGlobalSection
	GlobalSection(SolutionProperties) = preSolution
		HideSolutionNode = FALSE
	EndGlobalSection
	GlobalSection(ExtensibilityGlobals) = postSolution
		SolutionGuid = {5584F631-AB11-45BC-852F-0365B5E569BB}
	EndGlobalSection
EndGlobal
